{
    "_meta": {
        "hash": {
            "sha256": "7fe3ce7d7190e7027065386e4afc023ad899bf9c37d8cc743624e81a2583386e"
        },
        "pipfile-spec": 6,
        "requires": {
            "python_version": "3.12"
        },
        "sources": [
            {
                "name": "pypi",
                "url": "https://pypi.org/simple",
                "verify_ssl": true
            }
        ]
    },
    "default": {
        "et-xmlfile": {
            "hashes": [
                "sha256:8eb9e2bc2f8c97e37a2dc85a09ecdcdec9d8a396530a6d5a33b30b9a92da0c5c",
                "sha256:a2ba85d1d6a74ef63837eed693bcb89c3f752169b0e3e7ae5b16ca5e1b3deada"
            ],
            "markers": "python_version >= '3.6'",
            "version": "==1.1.0"
        },
        "mysql-connector-python": {
            "hashes": [
                "sha256:230a34df2f3c4f36acf426361914b8552f129538a5e2256d489dca2b39f2f031",
                "sha256:26e19a4469276870ccc0a04db30c534519f0f774a5949370ff0dc03e7cfc071c",
                "sha256:37ca26d7b10580b836f038d42f21ba9e6c88542868d50f55defdbd2dc8e0c0e6",
                "sha256:4828a08b738174cacb0985df01120e0a2f0ba534c9d2f67d6613b0930a0fe3cd",
                "sha256:4b2de9dd56de4874c30364023b59991399222cf73ec744da590cf9eef2623c26",
                "sha256:539300944c36566e91d131e106dbf0a90cde697ba88247a820f5af9caea2e5c2",
                "sha256:55a58e57824b03f31befdd460b1dd173a05605bfac25278cd9845f3927c94399",
                "sha256:59d4ea8253edbca7cbd1ac25ed524fcf5d8e34ee7ef5fb1be9e3026852b88126",
                "sha256:5d1e1399a9feb45fc8caca6168ff35d31a8124693f24391153764bccc61d15ad",
                "sha256:66d755b94f547d6fcdee9f2256805a4534103363e35d185d3800bfc5274e1f4f",
                "sha256:6ac2c0d9c0248df8a62a736ae9024e1934acdbdf9ce3b2ab57b2a99c1da5f028",
                "sha256:717472cab0c4d5000cf60797be4d453b60d9ec98ec446c1e3c399fdd43941cb9",
                "sha256:81ac2e409b604bcf2ae6e18bc477f8f6e509ea5004c8dba291afe3d2591f0a3f",
                "sha256:858490bb450b6ae45f415d2205d65a12e84e3445c7b9736e1d1552b685bf237a",
                "sha256:86e30370b6c38a9aaeae042eade5eea95000f6eb93b3802a8a215750a29a48c1",
                "sha256:877076f2d71d268fb1b334c85a20ef1d42096ceb6580b25229be4510ebf5a0c5",
                "sha256:884eba07b4c97edf552a03f5fdca145e0ab4afc3d8677cca20276effca1bea54",
                "sha256:8c3ed071e19981e8e4ae64c1e3ded050571637a8d519669c03be5e1029c04ef7",
                "sha256:98606e893bc2343ccc9254f248e4bd5bae18cb03bf4931f3b1657900cd647718",
                "sha256:9d598cc854d1b61eabad7cbf003cfe59970aae80384f5ff18a5cc3fba7becdcc",
                "sha256:a0308455462d4078baf516255662a46611eb12fc8d83d40dea38df3032d2566d",
                "sha256:b3f64b1fd2de2e8ed5c9ddd388efce8c6804a8633e18dbb45563a6ae61fbc45b",
                "sha256:df033ca9c76f3a7c3500baea109127bc872c79431e9de691ffce4c2878af2828",
                "sha256:e0b8af0d8c56619875dee4168b1bf77e17a4c1c5e1df935623d264729df70227",
                "sha256:e33677bcf6c2bdee7f25f3b38da7a204ab761e3b6763cbb2a413a5300c151059",
                "sha256:e9eacdc3fa5f61276c1549ca7c471a6fde576692881a70dcbac8258314015347"
            ],
            "index": "pypi",
            "markers": "python_version >= '3.8'",
            "version": "==8.2.0"
        },
        "numpy": {
            "hashes": [
                "sha256:06fa1ed84aa60ea6ef9f91ba57b5ed963c3729534e6e54055fc151fad0423f0a",
                "sha256:174a8880739c16c925799c018f3f55b8130c1f7c8e75ab0a6fa9d41cab092fd6",
                "sha256:1a13860fdcd95de7cf58bd6f8bc5a5ef81c0b0625eb2c9a783948847abbef2c2",
                "sha256:1cc3d5029a30fb5f06704ad6b23b35e11309491c999838c31f124fee32107c79",
                "sha256:22f8fc02fdbc829e7a8c578dd8d2e15a9074b630d4da29cda483337e300e3ee9",
                "sha256:26c9d33f8e8b846d5a65dd068c14e04018d05533b348d9eaeef6c1bd787f9919",
                "sha256:2b3fca8a5b00184828d12b073af4d0fc5fdd94b1632c2477526f6bd7842d700d",
                "sha256:2beef57fb031dcc0dc8fa4fe297a742027b954949cabb52a2a376c144e5e6060",
                "sha256:36340109af8da8805d8851ef1d74761b3b88e81a9bd80b290bbfed61bd2b4f75",
                "sha256:3703fc9258a4a122d17043e57b35e5ef1c5a5837c3db8be396c82e04c1cf9b0f",
                "sha256:3ced40d4e9e18242f70dd02d739e44698df3dcb010d31f495ff00a31ef6014fe",
                "sha256:4a06263321dfd3598cacb252f51e521a8cb4b6df471bb12a7ee5cbab20ea9167",
                "sha256:4eb8df4bf8d3d90d091e0146f6c28492b0be84da3e409ebef54349f71ed271ef",
                "sha256:5d5244aabd6ed7f312268b9247be47343a654ebea52a60f002dc70c769048e75",
                "sha256:64308ebc366a8ed63fd0bf426b6a9468060962f1a4339ab1074c228fa6ade8e3",
                "sha256:6a3cdb4d9c70e6b8c0814239ead47da00934666f668426fc6e94cce869e13fd7",
                "sha256:854ab91a2906ef29dc3925a064fcd365c7b4da743f84b123002f6139bcb3f8a7",
                "sha256:94cc3c222bb9fb5a12e334d0479b97bb2df446fbe622b470928f5284ffca3f8d",
                "sha256:96ca5482c3dbdd051bcd1fce8034603d6ebfc125a7bd59f55b40d8f5d246832b",
                "sha256:a2bbc29fcb1771cd7b7425f98b05307776a6baf43035d3b80c4b0f29e9545186",
                "sha256:a4cd6ed4a339c21f1d1b0fdf13426cb3b284555c27ac2f156dfdaaa7e16bfab0",
                "sha256:aa18428111fb9a591d7a9cc1b48150097ba6a7e8299fb56bdf574df650e7d1f1",
                "sha256:aa317b2325f7aa0a9471663e6093c210cb2ae9c0ad824732b307d2c51983d5b6",
                "sha256:b04f5dc6b3efdaab541f7857351aac359e6ae3c126e2edb376929bd3b7f92d7e",
                "sha256:b272d4cecc32c9e19911891446b72e986157e6a1809b7b56518b4f3755267523",
                "sha256:b361d369fc7e5e1714cf827b731ca32bff8d411212fccd29ad98ad622449cc36",
                "sha256:b96e7b9c624ef3ae2ae0e04fa9b460f6b9f17ad8b4bec6d7756510f1f6c0c841",
                "sha256:baf8aab04a2c0e859da118f0b38617e5ee65d75b83795055fb66c0d5e9e9b818",
                "sha256:bcc008217145b3d77abd3e4d5ef586e3bdfba8fe17940769f8aa09b99e856c00",
                "sha256:bd3f0091e845164a20bd5a326860c840fe2af79fa12e0469a12768a3ec578d80",
                "sha256:cc392fdcbd21d4be6ae1bb4475a03ce3b025cd49a9be5345d76d7585aea69440",
                "sha256:d73a3abcac238250091b11caef9ad12413dab01669511779bc9b29261dd50210",
                "sha256:f43740ab089277d403aa07567be138fc2a89d4d9892d113b76153e0e412409f8",
                "sha256:f65738447676ab5777f11e6bbbdb8ce11b785e105f690bc45966574816b6d3ea",
                "sha256:f79b231bf5c16b1f39c7f4875e1ded36abee1591e98742b05d8a0fb55d8a3eec",
                "sha256:fe6b44fb8fcdf7eda4ef4461b97b3f63c466b27ab151bec2366db8b197387841"
            ],
            "markers": "python_version >= '3.12'",
            "version": "==1.26.2"
        },
        "openpyxl": {
            "hashes": [
                "sha256:a6f5977418eff3b2d5500d54d9db50c8277a368436f4e4f8ddb1be3422870184",
                "sha256:f91456ead12ab3c6c2e9491cf33ba6d08357d802192379bb482f1033ade496f5"
            ],
            "index": "pypi",
            "markers": "python_version >= '3.6'",
            "version": "==3.1.2"
        },
        "pandas": {
            "hashes": [
                "sha256:00028e6737c594feac3c2df15636d73ace46b8314d236100b57ed7e4b9ebe8d9",
                "sha256:0aa6e92e639da0d6e2017d9ccff563222f4eb31e4b2c3cf32a2a392fc3103c0d",
                "sha256:1ebfd771110b50055712b3b711b51bee5d50135429364d0498e1213a7adc2be8",
                "sha256:294d96cfaf28d688f30c918a765ea2ae2e0e71d3536754f4b6de0ea4a496d034",
                "sha256:3f06bda01a143020bad20f7a85dd5f4a1600112145f126bc9e3e42077c24ef34",
                "sha256:426dc0f1b187523c4db06f96fb5c8d1a845e259c99bda74f7de97bd8a3bb3139",
                "sha256:45d63d2a9b1b37fa6c84a68ba2422dc9ed018bdaa668c7f47566a01188ceeec1",
                "sha256:482d5076e1791777e1571f2e2d789e940dedd927325cc3cb6d0800c6304082f6",
                "sha256:6b728fb8deba8905b319f96447a27033969f3ea1fea09d07d296c9030ab2ed1d",
                "sha256:8a706cfe7955c4ca59af8c7a0517370eafbd98593155b48f10f9811da440248b",
                "sha256:8ea107e0be2aba1da619cc6ba3f999b2bfc9669a83554b1904ce3dd9507f0860",
                "sha256:ab5796839eb1fd62a39eec2916d3e979ec3130509930fea17fe6f81e18108f6a",
                "sha256:b0513a132a15977b4a5b89aabd304647919bc2169eac4c8536afb29c07c23540",
                "sha256:b7d852d16c270e4331f6f59b3e9aa23f935f5c4b0ed2d0bc77637a8890a5d092",
                "sha256:bd7d5f2f54f78164b3d7a40f33bf79a74cdee72c31affec86bfcabe7e0789821",
                "sha256:bdec823dc6ec53f7a6339a0e34c68b144a7a1fd28d80c260534c39c62c5bf8c9",
                "sha256:d2d3e7b00f703aea3945995ee63375c61b2e6aa5aa7871c5d622870e5e137623",
                "sha256:d65148b14788b3758daf57bf42725caa536575da2b64df9964c563b015230984",
                "sha256:d797591b6846b9db79e65dc2d0d48e61f7db8d10b2a9480b4e3faaddc421a171",
                "sha256:dc9bf7ade01143cddc0074aa6995edd05323974e6e40d9dbde081021ded8510e",
                "sha256:e9f17f2b6fc076b2a0078862547595d66244db0f41bf79fc5f64a5c4d635bead",
                "sha256:edbaf9e8d3a63a9276d707b4d25930a262341bca9874fcb22eff5e3da5394732",
                "sha256:f237e6ca6421265643608813ce9793610ad09b40154a3344a088159590469e46",
                "sha256:f69b0c9bb174a2342818d3e2778584e18c740d56857fc5cdb944ec8bbe4082cf",
                "sha256:fcb68203c833cc735321512e13861358079a96c174a61f5116a1de89c58c0ef7"
            ],
            "index": "pypi",
            "markers": "python_version >= '3.9'",
            "version": "==2.1.4"
        },
        "protobuf": {
            "hashes": [
                "sha256:1f22ac0ca65bb70a876060d96d914dae09ac98d114294f77584b0d2644fa9c30",
                "sha256:237216c3326d46808a9f7c26fd1bd4b20015fb6867dc5d263a493ef9a539293b",
                "sha256:27f4d15021da6d2b706ddc3860fac0a5ddaba34ab679dc182b60a8bb4e1121cc",
                "sha256:299ea899484ee6f44604deb71f424234f654606b983cb496ea2a53e3c63ab791",
                "sha256:3d164928ff0727d97022957c2b849250ca0e64777ee31efd7d6de2e07c494717",
                "sha256:6ab80df09e3208f742c98443b6166bcb70d65f52cfeb67357d52032ea1ae9bec",
                "sha256:78a28c9fa223998472886c77042e9b9afb6fe4242bd2a2a5aced88e3f4422aa7",
                "sha256:7cd532c4566d0e6feafecc1059d04c7915aec8e182d1cf7adee8b24ef1e2e6ab",
                "sha256:89f9149e4a0169cddfc44c74f230d7743002e3aa0b9472d8c28f0388102fc4c2",
                "sha256:a53fd3f03e578553623272dc46ac2f189de23862e68565e83dde203d41b76fc5",
                "sha256:b135410244ebe777db80298297a97fbb4c862c881b4403b71bac9d4107d61fd1",
                "sha256:b98d0148f84e3a3c569e19f52103ca1feacdac0d2df8d6533cf983d1fda28462",
                "sha256:d1736130bce8cf131ac7957fa26880ca19227d4ad68b4888b3be0dea1f95df97",
                "sha256:f45460f9ee70a0ec1b6694c6e4e348ad2019275680bd68a1d9314b8c7e01e574"
            ],
            "markers": "python_version >= '3.7'",
            "version": "==4.21.12"
        },
        "pymysql": {
            "hashes": [
                "sha256:4f13a7df8bf36a51e81dd9f3605fede45a4878fe02f9236349fd82a3f0612f96",
                "sha256:8969ec6d763c856f7073c4c64662882675702efcb114b4bcbb955aea3a069fa7"
            ],
            "index": "pypi",
            "markers": "python_version >= '3.7'",
            "version": "==1.1.0"
        },
        "pyodbc": {
            "hashes": [
                "sha256:03d7d0b04d5a9156099ce8d03e92f3956783746fa9234eb6f5b5cfc12b645011",
                "sha256:067015537a20cf893ae675384f99291eade66a7d59bc54f9dedee55ad4290b4c",
                "sha256:17d25a51823a5c8631fd117c1d352425404cd2116fd75b55aac4cb79da2e8c85",
                "sha256:1d7dbef96ebb3eba8bc3f5431694d6e6969d50d0e21f6c4f3b0b2dc9fe8c4f25",
                "sha256:393e51ca84ba5a3983f859d50ef029d243cb2c7a5b1ef0ddc36479ff49780078",
                "sha256:3a3204ba4d1374fe8c301a76e04c9e9207d71cc346ca8282a85c20260d135b5d",
                "sha256:459a245ae5409dd2fe6eb8531b907da8d61f72d3b18a6276c82cafe2e4896acf",
                "sha256:4e5e4e2b4d5dce80f18d58286f1e7a3e2a79eb49d2c514c56ab043ae00566303",
                "sha256:51162fa1902657a555f5b661eb36516c12b6c11ec84db77c9da3aabc7325fa95",
                "sha256:654843036b714e4f3f4605fc359690738a3465d333f8297a74841e3990d3eabd",
                "sha256:8744c48f494bd365529935d3ac6ec15d3e3995e877587e293a3d3110ffcc0374",
                "sha256:87df79b524928d8c65475099b1cce3cfea66ef2c332ecb027fa6455c4916ad26",
                "sha256:88d94c4fa53fc5440ce904c987e97316f271c21d3e968090f8fb76baf1a9be90",
                "sha256:9824b175db875a2dd116c7cf16dc3bdf14855404417afd145c5b839da222cb46",
                "sha256:9ae1d8ba8cbf3680556f147f89948493d3f5bd1ed360bd5ce9807e62e573ed03",
                "sha256:9aef4f14f126ef607897245ff2742532ce0c299aee3c0e48d37bbdf1ff0b9532",
                "sha256:b1b38d3adc4c9911b46cff3b1a8293e25c3a18c465d13483624a07bc1056c36a",
                "sha256:b22474ede5b2841fe67658431f02a3ab9f16601c12a18c0286af435d742c2b71",
                "sha256:b3ea6ed0fb8a1b46e643cfaba935656b9abe023d4ab66a8f653bf0c5bc1ce74d",
                "sha256:b4d41d0a10523862aac9e2f578bae0ec66003c76e0644d1b53d6ac110b73e5ed",
                "sha256:b704e481c5973155eebed3730b9769c349b0338ad6fa7b0d7191cc30f3303e0a",
                "sha256:c68b3dd0b86d45fdebc566a9596f27b216d25068728bb43a4c961f0fcb9bb970",
                "sha256:cbfca542a528278a2c43a85d7a6bfde74854d0e7b3cd8c4ab31647bfe5a11069",
                "sha256:ccc04742bb2fee1f5d2a5b84462f62cd68c346aa274b89b5257e328d41f9d69d",
                "sha256:ce553cdf33663c6496175a11f32b684bb38cdffb9b185f3967037d369161715c",
                "sha256:d109b7955864f11d5e0c813e6b886a2829422cd7b59c61870dc5e0fa7904f132",
                "sha256:d2f32d98f9522de54958e3478d03c1a85c1efc103f378913bc4d9a7b610a3d02",
                "sha256:dbf783d6cc923603de35a648db64c50f6699372188dc32b97a373c4b12694bd1",
                "sha256:dd4a9ec6d0b31118f3c46020d9784923b99873585919d08e67d95bbf6ab99716",
                "sha256:e3cf639c73fb948fa2744e52de316b033b95f852960aae58b63c7dc32a88b4d2",
                "sha256:e7ef83973ba56f01e95579ce74c24b72bbd918daf417f33726e21cc01a5bf53c"
            ],
            "index": "pypi",
            "markers": "python_version >= '3.8'",
            "version": "==5.0.1"
        },
        "python-dateutil": {
            "hashes": [
                "sha256:0123cacc1627ae19ddf3c27a5de5bd67ee4586fbdd6440d9748f8abb483d3e86",
                "sha256:961d03dc3453ebbc59dbdea9e4e11c5651520a876d0f4db161e8674aae935da9"
            ],
            "markers": "python_version >= '2.7' and python_version not in '3.0, 3.1, 3.2, 3.3'",
            "version": "==2.8.2"
        },
        "pytz": {
            "hashes": [
                "sha256:7b4fddbeb94a1eba4b557da24f19fdf9db575192544270a9101d8509f9f43d7b",
                "sha256:ce42d816b81b68506614c11e8937d3aa9e41007ceb50bfdcb0749b921bf646c7"
            ],
            "index": "pypi",
            "version": "==2023.3.post1"
        },
        "six": {
            "hashes": [
                "sha256:1e61c37477a1626458e36f7b1d82aa5c9b094fa4802892072e49de9c60c4c926",
                "sha256:8abb2f1d86890a2dfb989f9a77cfcfd3e47c2a354b01111771326f8aa26e0254"
            ],
            "markers": "python_version >= '2.7' and python_version not in '3.0, 3.1, 3.2, 3.3'",
            "version": "==1.16.0"
        },
        "tzdata": {
            "hashes": [
                "sha256:11ef1e08e54acb0d4f95bdb1be05da659673de4acbd21bf9c69e94cc5e907a3a",
                "sha256:7e65763eef3120314099b6939b5546db7adce1e7d6f2e179e3df563c70511eda"
            ],
            "markers": "python_version >= '2'",
            "version": "==2023.3"
        }
    },
    "develop": {}
}
